{
  "name": "sp-gas",
  "version": "1.0.0",
  "lockfileVersion": 1,
  "requires": true,
  "dependencies": {
    "sp-math": {
      "version": "1.0.2",
      "resolved": "https://registry.npmjs.org/sp-math/-/sp-math-1.0.2.tgz",
      "integrity": "sha512-V4H6r7Z2EFU7aRJLr629lAaax26BOnbVxAvmCmg0jejbzgnu0AsbchxNwrcAGad15TWVuYePbXvb3WqVvOIWWw=="
    }
  }
}
